
Microsoft Visual Studio Solution File, Format Version 12.00
# Visual Studio Version 16
VisualStudioVersion = 16.0.31624.102
MinimumVisualStudioVersion = 10.0.40219.1
Project("{9A19103F-16F7-4668-BE54-9A1E7A4F7556}") = "SimpleMessenger.Server", "SimpleMessenger.Server\SimpleMessenger.Server.csproj", "{8765F561-A4B8-4523-9663-C7B37B41DCDC}"
EndProject
Project("{9A19103F-16F7-4668-BE54-9A1E7A4F7556}") = "SimpleMessenger.Core", "SimpleMessenger.Core\SimpleMessenger.Core.csproj", "{C310A20B-3ED4-4E41-B38E-FFA629FE2D0E}"
EndProject
Project("{FAE04EC0-301F-11D3-BF4B-00C04F79EFBC}") = "Simple.Messenger.Client.ConsoleTest", "Simple.Messenger.Client.Console\Simple.Messenger.Client.ConsoleTest.csproj", "{18A270EB-67DA-4653-9F8F-8BDE9198D994}"
EndProject
Global
	GlobalSection(SolutionConfigurationPlatforms) = preSolution
		Debug|Any CPU = Debug|Any CPU
		Release|Any CPU = Release|Any CPU
	EndGlobalSection
	GlobalSection(ProjectConfigurationPlatforms) = postSolution
		{8765F561-A4B8-4523-9663-C7B37B41DCDC}.Debug|Any CPU.ActiveCfg = Debug|Any CPU
		{8765F561-A4B8-4523-9663-C7B37B41DCDC}.Debug|Any CPU.Build.0 = Debug|Any CPU
		{8765F561-A4B8-4523-9663-C7B37B41DCDC}.Release|Any CPU.ActiveCfg = Release|Any CPU
		{8765F561-A4B8-4523-9663-C7B37B41DCDC}.Release|Any CPU.Build.0 = Release|Any CPU
		{C310A20B-3ED4-4E41-B38E-FFA629FE2D0E}.Debug|Any CPU.ActiveCfg = Debug|Any CPU
		{C310A20B-3ED4-4E41-B38E-FFA629FE2D0E}.Debug|Any CPU.Build.0 = Debug|Any CPU
		{C310A20B-3ED4-4E41-B38E-FFA629FE2D0E}.Release|Any CPU.ActiveCfg = Release|Any CPU
		{C310A20B-3ED4-4E41-B38E-FFA629FE2D0E}.Release|Any CPU.Build.0 = Release|Any CPU
		{18A270EB-67DA-4653-9F8F-8BDE9198D994}.Debug|Any CPU.ActiveCfg = Debug|Any CPU
		{18A270EB-67DA-4653-9F8F-8BDE9198D994}.Debug|Any CPU.Build.0 = Debug|Any CPU
		{18A270EB-67DA-4653-9F8F-8BDE9198D994}.Release|Any CPU.ActiveCfg = Release|Any CPU
		{18A270EB-67DA-4653-9F8F-8BDE9198D994}.Release|Any CPU.Build.0 = Release|Any CPU
	EndGlobalSection
	GlobalSection(SolutionProperties) = preSolution
		HideSolutionNode = FALSE
	EndGlobalSection
	GlobalSection(ExtensibilityGlobals) = postSolution
		SolutionGuid = {47B2DF97-2242-4AB1-8DD2-4572A36A49D0}
	EndGlobalSection
EndGlobal
