
Microsoft Visual Studio Solution File, Format Version 12.00
# Visual Studio Version 17
VisualStudioVersion = 17.0.31919.166
MinimumVisualStudioVersion = 10.0.40219.1
Project("{9A19103F-16F7-4668-BE54-9A1E7A4F7556}") = "SimpleMessenger.Core", "SimpleMessenger.Core\SimpleMessenger.Core.csproj", "{C310A20B-3ED4-4E41-B38E-FFA629FE2D0E}"
EndProject
Project("{9A19103F-16F7-4668-BE54-9A1E7A4F7556}") = "Polygon", "Polygon\Polygon.csproj", "{13190452-9B7C-4DF0-B628-AC58106A2E65}"
EndProject
Project("{FAE04EC0-301F-11D3-BF4B-00C04F79EFBC}") = "SimpleMessenger.Server", "SimpleMessenger.Server\SimpleMessenger.Server.csproj", "{511DA317-1A9A-41AF-A459-C20969F784CE}"
EndProject
Global
	GlobalSection(SolutionConfigurationPlatforms) = preSolution
		Debug|Any CPU = Debug|Any CPU
		Release|Any CPU = Release|Any CPU
	EndGlobalSection
	GlobalSection(ProjectConfigurationPlatforms) = postSolution
		{C310A20B-3ED4-4E41-B38E-FFA629FE2D0E}.Debug|Any CPU.ActiveCfg = Debug|Any CPU
		{C310A20B-3ED4-4E41-B38E-FFA629FE2D0E}.Debug|Any CPU.Build.0 = Debug|Any CPU
		{C310A20B-3ED4-4E41-B38E-FFA629FE2D0E}.Release|Any CPU.ActiveCfg = Release|Any CPU
		{C310A20B-3ED4-4E41-B38E-FFA629FE2D0E}.Release|Any CPU.Build.0 = Release|Any CPU
		{13190452-9B7C-4DF0-B628-AC58106A2E65}.Debug|Any CPU.ActiveCfg = Debug|Any CPU
		{13190452-9B7C-4DF0-B628-AC58106A2E65}.Debug|Any CPU.Build.0 = Debug|Any CPU
		{13190452-9B7C-4DF0-B628-AC58106A2E65}.Release|Any CPU.ActiveCfg = Release|Any CPU
		{13190452-9B7C-4DF0-B628-AC58106A2E65}.Release|Any CPU.Build.0 = Release|Any CPU
		{511DA317-1A9A-41AF-A459-C20969F784CE}.Debug|Any CPU.ActiveCfg = Debug|Any CPU
		{511DA317-1A9A-41AF-A459-C20969F784CE}.Debug|Any CPU.Build.0 = Debug|Any CPU
		{511DA317-1A9A-41AF-A459-C20969F784CE}.Release|Any CPU.ActiveCfg = Release|Any CPU
		{511DA317-1A9A-41AF-A459-C20969F784CE}.Release|Any CPU.Build.0 = Release|Any CPU
	EndGlobalSection
	GlobalSection(SolutionProperties) = preSolution
		HideSolutionNode = FALSE
	EndGlobalSection
	GlobalSection(ExtensibilityGlobals) = postSolution
		SolutionGuid = {47B2DF97-2242-4AB1-8DD2-4572A36A49D0}
	EndGlobalSection
EndGlobal
